
Microsoft Visual Studio Solution File, Format Version 12.00
Project("{FAE04EC0-301F-11D3-BF4B-00C04F79EFBC}") = "FappCommon", "FappCommon\FappCommon.csproj", "{FA679FFF-C2B6-49E0-B2CE-6253BC0B54C6}"
EndProject
Project("{FAE04EC0-301F-11D3-BF4B-00C04F79EFBC}") = "FappCommon.Exceptions", "FappCommon.Exceptions\FappCommon.Exceptions.csproj", "{E19A13B4-6F6D-42D9-BC1D-138B4B9241A4}"
EndProject
Project("{FAE04EC0-301F-11D3-BF4B-00C04F79EFBC}") = "FappCommon.Mongo4Test", "FappCommon.Mongo4Test\FappCommon.Mongo4Test.csproj", "{AD672D0E-595F-4B9D-9C40-AC29F53EFBD3}"
EndProject
Project("{FAE04EC0-301F-11D3-BF4B-00C04F79EFBC}") = "TestProject", "TestProject\TestProject.csproj", "{B8496BCD-CEC9-449D-881A-70B1BEDDDFAA}"
EndProject
Global
	GlobalSection(SolutionConfigurationPlatforms) = preSolution
		Debug|Any CPU = Debug|Any CPU
		Release|Any CPU = Release|Any CPU
	EndGlobalSection
	GlobalSection(ProjectConfigurationPlatforms) = postSolution
		{FA679FFF-C2B6-49E0-B2CE-6253BC0B54C6}.Debug|Any CPU.ActiveCfg = Debug|Any CPU
		{FA679FFF-C2B6-49E0-B2CE-6253BC0B54C6}.Debug|Any CPU.Build.0 = Debug|Any CPU
		{FA679FFF-C2B6-49E0-B2CE-6253BC0B54C6}.Release|Any CPU.ActiveCfg = Release|Any CPU
		{FA679FFF-C2B6-49E0-B2CE-6253BC0B54C6}.Release|Any CPU.Build.0 = Release|Any CPU
		{E19A13B4-6F6D-42D9-BC1D-138B4B9241A4}.Debug|Any CPU.ActiveCfg = Debug|Any CPU
		{E19A13B4-6F6D-42D9-BC1D-138B4B9241A4}.Debug|Any CPU.Build.0 = Debug|Any CPU
		{E19A13B4-6F6D-42D9-BC1D-138B4B9241A4}.Release|Any CPU.ActiveCfg = Release|Any CPU
		{E19A13B4-6F6D-42D9-BC1D-138B4B9241A4}.Release|Any CPU.Build.0 = Release|Any CPU
		{AD672D0E-595F-4B9D-9C40-AC29F53EFBD3}.Debug|Any CPU.ActiveCfg = Debug|Any CPU
		{AD672D0E-595F-4B9D-9C40-AC29F53EFBD3}.Debug|Any CPU.Build.0 = Debug|Any CPU
		{AD672D0E-595F-4B9D-9C40-AC29F53EFBD3}.Release|Any CPU.ActiveCfg = Release|Any CPU
		{AD672D0E-595F-4B9D-9C40-AC29F53EFBD3}.Release|Any CPU.Build.0 = Release|Any CPU
		{B8496BCD-CEC9-449D-881A-70B1BEDDDFAA}.Debug|Any CPU.ActiveCfg = Debug|Any CPU
		{B8496BCD-CEC9-449D-881A-70B1BEDDDFAA}.Debug|Any CPU.Build.0 = Debug|Any CPU
		{B8496BCD-CEC9-449D-881A-70B1BEDDDFAA}.Release|Any CPU.ActiveCfg = Release|Any CPU
		{B8496BCD-CEC9-449D-881A-70B1BEDDDFAA}.Release|Any CPU.Build.0 = Release|Any CPU
	EndGlobalSection
EndGlobal
